
Microsoft Visual Studio Solution File, Format Version 12.00
# Visual Studio Version 17
VisualStudioVersion = 17.3.32819.101
MinimumVisualStudioVersion = 10.0.40219.1
Project("{FAE04EC0-301F-11D3-BF4B-00C04F79EFBC}") = "multiplicacaoMatrizes", "multiplicacaoMatrizes\multiplicacaoMatrizes.csproj", "{15AB9048-B036-4F48-9FD1-CA7F16CCB7C3}"
EndProject
Global
	GlobalSection(SolutionConfigurationPlatforms) = preSolution
		Debug|Any CPU = Debug|Any CPU
		Release|Any CPU = Release|Any CPU
	EndGlobalSection
	GlobalSection(ProjectConfigurationPlatforms) = postSolution
		{15AB9048-B036-4F48-9FD1-CA7F16CCB7C3}.Debug|Any CPU.ActiveCfg = Debug|Any CPU
		{15AB9048-B036-4F48-9FD1-CA7F16CCB7C3}.Debug|Any CPU.Build.0 = Debug|Any CPU
		{15AB9048-B036-4F48-9FD1-CA7F16CCB7C3}.Release|Any CPU.ActiveCfg = Release|Any CPU
		{15AB9048-B036-4F48-9FD1-CA7F16CCB7C3}.Release|Any CPU.Build.0 = Release|Any CPU
	EndGlobalSection
	GlobalSection(SolutionProperties) = preSolution
		HideSolutionNode = FALSE
	EndGlobalSection
	GlobalSection(ExtensibilityGlobals) = postSolution
		SolutionGuid = {2789B6A9-3BDE-4ACF-98D5-2B2A77A98121}
	EndGlobalSection
EndGlobal
