
Microsoft Visual Studio Solution File, Format Version 12.00
# Visual Studio Version 17
VisualStudioVersion = 17.3.32819.101
MinimumVisualStudioVersion = 10.0.40219.1
Project("{FAE04EC0-301F-11D3-BF4B-00C04F79EFBC}") = "CalculaIMC", "CalculaIMC\CalculaIMC.csproj", "{E25EEDFC-809C-484B-BC92-4E345AF2E6C5}"
EndProject
Global
	GlobalSection(SolutionConfigurationPlatforms) = preSolution
		Debug|Any CPU = Debug|Any CPU
		Release|Any CPU = Release|Any CPU
	EndGlobalSection
	GlobalSection(ProjectConfigurationPlatforms) = postSolution
		{E25EEDFC-809C-484B-BC92-4E345AF2E6C5}.Debug|Any CPU.ActiveCfg = Debug|Any CPU
		{E25EEDFC-809C-484B-BC92-4E345AF2E6C5}.Debug|Any CPU.Build.0 = Debug|Any CPU
		{E25EEDFC-809C-484B-BC92-4E345AF2E6C5}.Release|Any CPU.ActiveCfg = Release|Any CPU
		{E25EEDFC-809C-484B-BC92-4E345AF2E6C5}.Release|Any CPU.Build.0 = Release|Any CPU
	EndGlobalSection
	GlobalSection(SolutionProperties) = preSolution
		HideSolutionNode = FALSE
	EndGlobalSection
	GlobalSection(ExtensibilityGlobals) = postSolution
		SolutionGuid = {9AD89B28-4B0F-428A-8FE4-2A000333E161}
	EndGlobalSection
EndGlobal
